
Microsoft Visual Studio Solution File, Format Version 12.00
# Visual Studio Version 16
VisualStudioVersion = 16.0.30330.147
MinimumVisualStudioVersion = 10.0.40219.1
Project("{9A19103F-16F7-4668-BE54-9A1E7A4F7556}") = "AdminTiveAPI", "AdminTiveAPI\AdminTiveAPI.csproj", "{6E4AB918-0CB6-477F-BD4A-22254246CF96}"
EndProject
Project("{9A19103F-16F7-4668-BE54-9A1E7A4F7556}") = "AdminTiveDatos", "AdminTiveDatos\AdminTiveDatos.csproj", "{4AD89363-291F-454E-B413-C794AC7C9906}"
EndProject
Project("{FAE04EC0-301F-11D3-BF4B-00C04F79EFBC}") = "AdminTiveLogica", "AdminTiveLogica\AdminTiveLogica.csproj", "{A5CF8845-411C-4AB6-A357-9D3A9A927C3E}"
EndProject
Global
	GlobalSection(SolutionConfigurationPlatforms) = preSolution
		Debug|Any CPU = Debug|Any CPU
		Release|Any CPU = Release|Any CPU
	EndGlobalSection
	GlobalSection(ProjectConfigurationPlatforms) = postSolution
		{6E4AB918-0CB6-477F-BD4A-22254246CF96}.Debug|Any CPU.ActiveCfg = Debug|Any CPU
		{6E4AB918-0CB6-477F-BD4A-22254246CF96}.Debug|Any CPU.Build.0 = Debug|Any CPU
		{6E4AB918-0CB6-477F-BD4A-22254246CF96}.Release|Any CPU.ActiveCfg = Release|Any CPU
		{6E4AB918-0CB6-477F-BD4A-22254246CF96}.Release|Any CPU.Build.0 = Release|Any CPU
		{4AD89363-291F-454E-B413-C794AC7C9906}.Debug|Any CPU.ActiveCfg = Debug|Any CPU
		{4AD89363-291F-454E-B413-C794AC7C9906}.Debug|Any CPU.Build.0 = Debug|Any CPU
		{4AD89363-291F-454E-B413-C794AC7C9906}.Release|Any CPU.ActiveCfg = Release|Any CPU
		{4AD89363-291F-454E-B413-C794AC7C9906}.Release|Any CPU.Build.0 = Release|Any CPU
		{A5CF8845-411C-4AB6-A357-9D3A9A927C3E}.Debug|Any CPU.ActiveCfg = Debug|Any CPU
		{A5CF8845-411C-4AB6-A357-9D3A9A927C3E}.Debug|Any CPU.Build.0 = Debug|Any CPU
		{A5CF8845-411C-4AB6-A357-9D3A9A927C3E}.Release|Any CPU.ActiveCfg = Release|Any CPU
		{A5CF8845-411C-4AB6-A357-9D3A9A927C3E}.Release|Any CPU.Build.0 = Release|Any CPU
	EndGlobalSection
	GlobalSection(SolutionProperties) = preSolution
		HideSolutionNode = FALSE
	EndGlobalSection
	GlobalSection(ExtensibilityGlobals) = postSolution
		SolutionGuid = {1CBD59AB-A854-4C31-9B55-F8B09B9E4BCC}
	EndGlobalSection
EndGlobal
